
Microsoft Visual Studio Solution File, Format Version 12.00
# Visual Studio Version 17
VisualStudioVersion = 17.10.35122.118
MinimumVisualStudioVersion = 10.0.40219.1
Project("{FAE04EC0-301F-11D3-BF4B-00C04F79EFBC}") = "DependencyInjectionPractice1", "DependencyInjectionPractice1\DependencyInjectionPractice1.csproj", "{1ECE9143-A80C-4F9A-9ECA-6211DF9F346B}"
EndProject
Global
	GlobalSection(SolutionConfigurationPlatforms) = preSolution
		Debug|Any CPU = Debug|Any CPU
		Release|Any CPU = Release|Any CPU
	EndGlobalSection
	GlobalSection(ProjectConfigurationPlatforms) = postSolution
		{1ECE9143-A80C-4F9A-9ECA-6211DF9F346B}.Debug|Any CPU.ActiveCfg = Debug|Any CPU
		{1ECE9143-A80C-4F9A-9ECA-6211DF9F346B}.Debug|Any CPU.Build.0 = Debug|Any CPU
		{1ECE9143-A80C-4F9A-9ECA-6211DF9F346B}.Release|Any CPU.ActiveCfg = Release|Any CPU
		{1ECE9143-A80C-4F9A-9ECA-6211DF9F346B}.Release|Any CPU.Build.0 = Release|Any CPU
	EndGlobalSection
	GlobalSection(SolutionProperties) = preSolution
		HideSolutionNode = FALSE
	EndGlobalSection
	GlobalSection(ExtensibilityGlobals) = postSolution
		SolutionGuid = {F22C0E35-5272-4D27-B130-44D367A9039E}
	EndGlobalSection
EndGlobal
